
Microsoft Visual Studio Solution File, Format Version 12.00
# Visual Studio Version 17
VisualStudioVersion = 17.9.34723.18
MinimumVisualStudioVersion = 10.0.40219.1
Project("{FAE04EC0-301F-11D3-BF4B-00C04F79EFBC}") = "cry_windowform", "cry_windowform.csproj", "{BB1BAD12-897E-4DDA-81EB-7D579759E347}"
EndProject
Global
	GlobalSection(SolutionConfigurationPlatforms) = preSolution
		Debug|Any CPU = Debug|Any CPU
		Release|Any CPU = Release|Any CPU
	EndGlobalSection
	GlobalSection(ProjectConfigurationPlatforms) = postSolution
		{BB1BAD12-897E-4DDA-81EB-7D579759E347}.Debug|Any CPU.ActiveCfg = Debug|Any CPU
		{BB1BAD12-897E-4DDA-81EB-7D579759E347}.Debug|Any CPU.Build.0 = Debug|Any CPU
		{BB1BAD12-897E-4DDA-81EB-7D579759E347}.Release|Any CPU.ActiveCfg = Release|Any CPU
		{BB1BAD12-897E-4DDA-81EB-7D579759E347}.Release|Any CPU.Build.0 = Release|Any CPU
	EndGlobalSection
	GlobalSection(SolutionProperties) = preSolution
		HideSolutionNode = FALSE
	EndGlobalSection
	GlobalSection(ExtensibilityGlobals) = postSolution
		SolutionGuid = {A6733290-4292-44F9-B2B0-992C7B595232}
	EndGlobalSection
EndGlobal
