
Microsoft Visual Studio Solution File, Format Version 12.00
# Visual Studio Version 17
VisualStudioVersion = 17.9.34723.18
MinimumVisualStudioVersion = 10.0.40219.1
Project("{FAE04EC0-301F-11D3-BF4B-00C04F79EFBC}") = "Json_Web_Form", "Json_Web_Form.csproj", "{A376CCFA-2C03-4195-A055-4A62E991B998}"
EndProject
Global
	GlobalSection(SolutionConfigurationPlatforms) = preSolution
		Debug|Any CPU = Debug|Any CPU
		Release|Any CPU = Release|Any CPU
	EndGlobalSection
	GlobalSection(ProjectConfigurationPlatforms) = postSolution
		{A376CCFA-2C03-4195-A055-4A62E991B998}.Debug|Any CPU.ActiveCfg = Debug|Any CPU
		{A376CCFA-2C03-4195-A055-4A62E991B998}.Debug|Any CPU.Build.0 = Debug|Any CPU
		{A376CCFA-2C03-4195-A055-4A62E991B998}.Release|Any CPU.ActiveCfg = Release|Any CPU
		{A376CCFA-2C03-4195-A055-4A62E991B998}.Release|Any CPU.Build.0 = Release|Any CPU
	EndGlobalSection
	GlobalSection(SolutionProperties) = preSolution
		HideSolutionNode = FALSE
	EndGlobalSection
	GlobalSection(ExtensibilityGlobals) = postSolution
		SolutionGuid = {42C5EAE9-BD5C-4B3B-B18C-0F16A8157833}
	EndGlobalSection
EndGlobal
