
Microsoft Visual Studio Solution File, Format Version 12.00
# Visual Studio Version 17
VisualStudioVersion = 17.8.34511.84
MinimumVisualStudioVersion = 10.0.40219.1
Project("{FAE04EC0-301F-11D3-BF4B-00C04F79EFBC}") = "thuchanh7", "thuchanh7\thuchanh7.csproj", "{1E41D5D1-033D-408B-B050-7DA9A44E506E}"
EndProject
Global
	GlobalSection(SolutionConfigurationPlatforms) = preSolution
		Debug|Any CPU = Debug|Any CPU
		Release|Any CPU = Release|Any CPU
	EndGlobalSection
	GlobalSection(ProjectConfigurationPlatforms) = postSolution
		{1E41D5D1-033D-408B-B050-7DA9A44E506E}.Debug|Any CPU.ActiveCfg = Debug|Any CPU
		{1E41D5D1-033D-408B-B050-7DA9A44E506E}.Debug|Any CPU.Build.0 = Debug|Any CPU
		{1E41D5D1-033D-408B-B050-7DA9A44E506E}.Release|Any CPU.ActiveCfg = Release|Any CPU
		{1E41D5D1-033D-408B-B050-7DA9A44E506E}.Release|Any CPU.Build.0 = Release|Any CPU
	EndGlobalSection
	GlobalSection(SolutionProperties) = preSolution
		HideSolutionNode = FALSE
	EndGlobalSection
	GlobalSection(ExtensibilityGlobals) = postSolution
		SolutionGuid = {2E077427-3306-4C4C-B6F9-F2EF773E3C50}
	EndGlobalSection
EndGlobal
