
Microsoft Visual Studio Solution File, Format Version 12.00
# Visual Studio Version 17
VisualStudioVersion = 17.9.34723.18
MinimumVisualStudioVersion = 10.0.40219.1
Project("{FAE04EC0-301F-11D3-BF4B-00C04F79EFBC}") = "WebForm_UserControl", "WebForm_UserControl.csproj", "{3E6645CE-2D33-4CBB-8DDD-C8D0F7BF67A7}"
EndProject
Global
	GlobalSection(SolutionConfigurationPlatforms) = preSolution
		Debug|Any CPU = Debug|Any CPU
		Release|Any CPU = Release|Any CPU
	EndGlobalSection
	GlobalSection(ProjectConfigurationPlatforms) = postSolution
		{3E6645CE-2D33-4CBB-8DDD-C8D0F7BF67A7}.Debug|Any CPU.ActiveCfg = Debug|Any CPU
		{3E6645CE-2D33-4CBB-8DDD-C8D0F7BF67A7}.Debug|Any CPU.Build.0 = Debug|Any CPU
		{3E6645CE-2D33-4CBB-8DDD-C8D0F7BF67A7}.Release|Any CPU.ActiveCfg = Release|Any CPU
		{3E6645CE-2D33-4CBB-8DDD-C8D0F7BF67A7}.Release|Any CPU.Build.0 = Release|Any CPU
	EndGlobalSection
	GlobalSection(SolutionProperties) = preSolution
		HideSolutionNode = FALSE
	EndGlobalSection
	GlobalSection(ExtensibilityGlobals) = postSolution
		SolutionGuid = {44965FE0-B52C-48DF-9041-037DB6E7E07D}
	EndGlobalSection
EndGlobal
